
Microsoft Visual Studio Solution File, Format Version 12.00
# Visual Studio Version 17
VisualStudioVersion = 17.1.32319.34
MinimumVisualStudioVersion = 10.0.40219.1
Project("{9A19103F-16F7-4668-BE54-9A1E7A4F7556}") = "Poc.MimeType.Validator", "Poc.MimeType.Validator.csproj", "{49D4125D-E406-4644-9813-02477B03FBE1}"
EndProject
Global
	GlobalSection(SolutionConfigurationPlatforms) = preSolution
		Debug|Any CPU = Debug|Any CPU
		Release|Any CPU = Release|Any CPU
	EndGlobalSection
	GlobalSection(ProjectConfigurationPlatforms) = postSolution
		{49D4125D-E406-4644-9813-02477B03FBE1}.Debug|Any CPU.ActiveCfg = Debug|Any CPU
		{49D4125D-E406-4644-9813-02477B03FBE1}.Debug|Any CPU.Build.0 = Debug|Any CPU
		{49D4125D-E406-4644-9813-02477B03FBE1}.Release|Any CPU.ActiveCfg = Release|Any CPU
		{49D4125D-E406-4644-9813-02477B03FBE1}.Release|Any CPU.Build.0 = Release|Any CPU
	EndGlobalSection
	GlobalSection(SolutionProperties) = preSolution
		HideSolutionNode = FALSE
	EndGlobalSection
	GlobalSection(ExtensibilityGlobals) = postSolution
		SolutionGuid = {31A58D3E-A9EA-4FAF-8A22-2B679F31ADAD}
	EndGlobalSection
EndGlobal
